// !$*UTF8*$!
{
	archiveVersion = 1;
	classes = {
	};
	objectVersion = 46;
	objects = {

/* Begin PBXBuildFile section */
		2430F30213125DCE001977C8 /* DCTGoogleMapsDirections.xcdatamodeld in Sources */ = {isa = PBXBuildFile; fileRef = 2430F30013125DCE001977C8 /* DCTGoogleMapsDirections.xcdatamodeld */; };
		2430F30513125E71001977C8 /* DCTGoogleMapsGeocodingConnectionController.m in Sources */ = {isa = PBXBuildFile; fileRef = 2430F30413125E71001977C8 /* DCTGoogleMapsGeocodingConnectionController.m */; };
		2430F30813125ECE001977C8 /* DCTGoogleMapsStep.m in Sources */ = {isa = PBXBuildFile; fileRef = 2430F30713125ECE001977C8 /* DCTGoogleMapsStep.m */; };
		2430F30B13125ECE001977C8 /* DCTGoogleMapsDirection.m in Sources */ = {isa = PBXBuildFile; fileRef = 2430F30A13125ECE001977C8 /* DCTGoogleMapsDirection.m */; };
		2430F30E13125ECE001977C8 /* DCTGoogleMapsRoute.m in Sources */ = {isa = PBXBuildFile; fileRef = 2430F30D13125ECE001977C8 /* DCTGoogleMapsRoute.m */; };
		2430F31113125ECE001977C8 /* DCTGoogleMapsLeg.m in Sources */ = {isa = PBXBuildFile; fileRef = 2430F31013125ECE001977C8 /* DCTGoogleMapsLeg.m */; };
		2430F31A131261AD001977C8 /* DCTGoogleMapsPlace.m in Sources */ = {isa = PBXBuildFile; fileRef = 2430F319131261AD001977C8 /* DCTGoogleMapsPlace.m */; };
		2430F31D131261E4001977C8 /* DCTGoogleMapsPlace+Implementation.m in Sources */ = {isa = PBXBuildFile; fileRef = 2430F31C131261E4001977C8 /* DCTGoogleMapsPlace+Implementation.m */; };
		2430F3711312721A001977C8 /* NSObject+JSON.m in Sources */ = {isa = PBXBuildFile; fileRef = 2430F3481312721A001977C8 /* NSObject+JSON.m */; };
		2430F3721312721A001977C8 /* SBJsonParser.m in Sources */ = {isa = PBXBuildFile; fileRef = 2430F34A1312721A001977C8 /* SBJsonParser.m */; };
		2430F3731312721A001977C8 /* SBJsonStreamParser.m in Sources */ = {isa = PBXBuildFile; fileRef = 2430F34C1312721A001977C8 /* SBJsonStreamParser.m */; };
		2430F3741312721A001977C8 /* SBJsonStreamParserAdapter.m in Sources */ = {isa = PBXBuildFile; fileRef = 2430F34E1312721A001977C8 /* SBJsonStreamParserAdapter.m */; };
		2430F3751312721A001977C8 /* SBJsonStreamParserState.m in Sources */ = {isa = PBXBuildFile; fileRef = 2430F3501312721A001977C8 /* SBJsonStreamParserState.m */; };
		2430F3761312721A001977C8 /* SBJsonStreamWriter.m in Sources */ = {isa = PBXBuildFile; fileRef = 2430F3521312721A001977C8 /* SBJsonStreamWriter.m */; };
		2430F3771312721A001977C8 /* SBJsonStreamWriterState.m in Sources */ = {isa = PBXBuildFile; fileRef = 2430F3541312721A001977C8 /* SBJsonStreamWriterState.m */; };
		2430F3781312721A001977C8 /* SBJsonTokeniser.m in Sources */ = {isa = PBXBuildFile; fileRef = 2430F3561312721A001977C8 /* SBJsonTokeniser.m */; };
		2430F3791312721A001977C8 /* SBJsonWriter.m in Sources */ = {isa = PBXBuildFile; fileRef = 2430F3581312721A001977C8 /* SBJsonWriter.m */; };
		2440D5CA1311D7DE00BC487D /* UIKit.framework in Frameworks */ = {isa = PBXBuildFile; fileRef = 2440D5C91311D7DE00BC487D /* UIKit.framework */; };
		2440D5CC1311D7DE00BC487D /* Foundation.framework in Frameworks */ = {isa = PBXBuildFile; fileRef = 2440D5CB1311D7DE00BC487D /* Foundation.framework */; };
		2440D5CE1311D7DE00BC487D /* CoreGraphics.framework in Frameworks */ = {isa = PBXBuildFile; fileRef = 2440D5CD1311D7DE00BC487D /* CoreGraphics.framework */; };
		2440D5D41311D7DE00BC487D /* InfoPlist.strings in Resources */ = {isa = PBXBuildFile; fileRef = 2440D5D21311D7DE00BC487D /* InfoPlist.strings */; };
		2440D5D71311D7DE00BC487D /* main.m in Sources */ = {isa = PBXBuildFile; fileRef = 2440D5D61311D7DE00BC487D /* main.m */; };
		2440D5DA1311D7DE00BC487D /* DCTGoogleMapsAppDelegate.m in Sources */ = {isa = PBXBuildFile; fileRef = 2440D5D91311D7DE00BC487D /* DCTGoogleMapsAppDelegate.m */; };
		2440D5DD1311D7DE00BC487D /* MainWindow.xib in Resources */ = {isa = PBXBuildFile; fileRef = 2440D5DB1311D7DE00BC487D /* MainWindow.xib */; };
		2464EDCD1311D8370050B13C /* CoreData.framework in Frameworks */ = {isa = PBXBuildFile; fileRef = 2464EDCC1311D8370050B13C /* CoreData.framework */; };
		2464EEC81311DA400050B13C /* NSData+Base64.m in Sources */ = {isa = PBXBuildFile; fileRef = 2464EE0D1311DA400050B13C /* NSData+Base64.m */; };
		2464EEC91311DA400050B13C /* NSString+DCTURLEncoding.m in Sources */ = {isa = PBXBuildFile; fileRef = 2464EE0F1311DA400050B13C /* NSString+DCTURLEncoding.m */; };
		2464EECA1311DA400050B13C /* DCTRequestConnectionController.m in Sources */ = {isa = PBXBuildFile; fileRef = 2464EE121311DA400050B13C /* DCTRequestConnectionController.m */; };
		2464EECB1311DA400050B13C /* DCTURLConnectionController.m in Sources */ = {isa = PBXBuildFile; fileRef = 2464EE141311DA400050B13C /* DCTURLConnectionController.m */; };
		2464EECC1311DA400050B13C /* DCTConnectionController+Equality.m in Sources */ = {isa = PBXBuildFile; fileRef = 2464EE161311DA400050B13C /* DCTConnectionController+Equality.m */; };
		2464EECD1311DA400050B13C /* DCTConnectionController.m in Sources */ = {isa = PBXBuildFile; fileRef = 2464EE181311DA400050B13C /* DCTConnectionController.m */; };
		2464EECE1311DA400050B13C /* DCTConnectionQueue+Singleton.m in Sources */ = {isa = PBXBuildFile; fileRef = 2464EE1A1311DA400050B13C /* DCTConnectionQueue+Singleton.m */; };
		2464EECF1311DA400050B13C /* DCTConnectionQueue.m in Sources */ = {isa = PBXBuildFile; fileRef = 2464EE1C1311DA400050B13C /* DCTConnectionQueue.m */; };
		2464EED01311DA400050B13C /* DCTRESTController.m in Sources */ = {isa = PBXBuildFile; fileRef = 2464EE1F1311DA400050B13C /* DCTRESTController.m */; };
		2464EED11311DA400050B13C /* DCTURLConnection.m in Sources */ = {isa = PBXBuildFile; fileRef = 2464EE211311DA400050B13C /* DCTURLConnection.m */; };
		2464EED21311DA400050B13C /* DCTConnectionQueue+UIKitAdditions.m in Sources */ = {isa = PBXBuildFile; fileRef = 2464EE241311DA400050B13C /* DCTConnectionQueue+UIKitAdditions.m */; };
		2464EEEB1311DA400050B13C /* NSManagedObjectContext+DCTAsynchronousDataFetching.m in Sources */ = {isa = PBXBuildFile; fileRef = 2464EE4F1311DA400050B13C /* NSManagedObjectContext+DCTAsynchronousDataFetching.m */; };
		2464EEEC1311DA400050B13C /* NSManagedObjectContext+DCTAsynchronousTasks.m in Sources */ = {isa = PBXBuildFile; fileRef = 2464EE511311DA400050B13C /* NSManagedObjectContext+DCTAsynchronousTasks.m */; };
		2464EEED1311DA400050B13C /* NSAttributeDescription+DCTObjectCheck.m in Sources */ = {isa = PBXBuildFile; fileRef = 2464EE541311DA400050B13C /* NSAttributeDescription+DCTObjectCheck.m */; };
		2464EEEE1311DA400050B13C /* NSDictionary+DCTKeyForObject.m in Sources */ = {isa = PBXBuildFile; fileRef = 2464EE561311DA400050B13C /* NSDictionary+DCTKeyForObject.m */; };
		2464EEEF1311DA400050B13C /* NSEntityDescription+DCTObjectCheck.m in Sources */ = {isa = PBXBuildFile; fileRef = 2464EE581311DA400050B13C /* NSEntityDescription+DCTObjectCheck.m */; };
		2464EEF01311DA400050B13C /* NSManagedObject+DCTAutomatedSetup.m in Sources */ = {isa = PBXBuildFile; fileRef = 2464EE5A1311DA400050B13C /* NSManagedObject+DCTAutomatedSetup.m */; };
		2464EEF11311DA400050B13C /* NSManagedObject+DCTAutomatedSync.m in Sources */ = {isa = PBXBuildFile; fileRef = 2464EE5C1311DA400050B13C /* NSManagedObject+DCTAutomatedSync.m */; };
		2464EEF21311DA400050B13C /* NSArray+DCTSortDescriptors.m in Sources */ = {isa = PBXBuildFile; fileRef = 2464EE5E1311DA400050B13C /* NSArray+DCTSortDescriptors.m */; };
		2464EEF31311DA400050B13C /* NSFetchedResultsController+DCTExtras.m in Sources */ = {isa = PBXBuildFile; fileRef = 2464EE601311DA400050B13C /* NSFetchedResultsController+DCTExtras.m */; };
		2464EEF41311DA400050B13C /* NSFetchRequest+DCTExtras.m in Sources */ = {isa = PBXBuildFile; fileRef = 2464EE621311DA400050B13C /* NSFetchRequest+DCTExtras.m */; };
		2464EEF51311DA400050B13C /* NSManagedObject+DCTExtras.m in Sources */ = {isa = PBXBuildFile; fileRef = 2464EE641311DA400050B13C /* NSManagedObject+DCTExtras.m */; };
		2464EEF61311DA400050B13C /* NSManagedObject+DCTOrdering.m in Sources */ = {isa = PBXBuildFile; fileRef = 2464EE661311DA400050B13C /* NSManagedObject+DCTOrdering.m */; };
		2464EEF71311DA400050B13C /* NSManagedObject+DCTRelatedObjects.m in Sources */ = {isa = PBXBuildFile; fileRef = 2464EE681311DA400050B13C /* NSManagedObject+DCTRelatedObjects.m */; };
		2464EEF81311DA400050B13C /* NSManagedObjectContext+DCTDataFetching.m in Sources */ = {isa = PBXBuildFile; fileRef = 2464EE6A1311DA400050B13C /* NSManagedObjectContext+DCTDataFetching.m */; };
		2464EEF91311DA400050B13C /* NSManagedObjectContext+DCTExtras.m in Sources */ = {isa = PBXBuildFile; fileRef = 2464EE6C1311DA400050B13C /* NSManagedObjectContext+DCTExtras.m */; };
		2464EEFA1311DA400050B13C /* NSPredicate+DCTExtras.m in Sources */ = {isa = PBXBuildFile; fileRef = 2464EE6E1311DA400050B13C /* NSPredicate+DCTExtras.m */; };
		2464EF131311DA400050B13C /* DCTBlock.m in Sources */ = {isa = PBXBuildFile; fileRef = 2464EE981311DA400050B13C /* DCTBlock.m */; };
		2464EF141311DA400050B13C /* DCTObservationInfo.m in Sources */ = {isa = PBXBuildFile; fileRef = 2464EE9A1311DA400050B13C /* DCTObservationInfo.m */; };
		2464EF151311DA400050B13C /* DCTQueue.m in Sources */ = {isa = PBXBuildFile; fileRef = 2464EE9C1311DA400050B13C /* DCTQueue.m */; };
		2464EF161311DA400050B13C /* DCTStack.m in Sources */ = {isa = PBXBuildFile; fileRef = 2464EE9E1311DA400050B13C /* DCTStack.m */; };
		2464EF171311DA400050B13C /* NSArray+DCTExtras.m in Sources */ = {isa = PBXBuildFile; fileRef = 2464EEA01311DA400050B13C /* NSArray+DCTExtras.m */; };
		2464EF181311DA400050B13C /* NSDate+DCTDateComponents.m in Sources */ = {isa = PBXBuildFile; fileRef = 2464EEA21311DA400050B13C /* NSDate+DCTDateComponents.m */; };
		2464EF191311DA400050B13C /* NSDictionary+DCTExtras.m in Sources */ = {isa = PBXBuildFile; fileRef = 2464EEA41311DA400050B13C /* NSDictionary+DCTExtras.m */; };
		2464EF1A1311DA400050B13C /* NSError+DCTExtensions.m in Sources */ = {isa = PBXBuildFile; fileRef = 2464EEA61311DA400050B13C /* NSError+DCTExtensions.m */; };
		2464EF1B1311DA400050B13C /* NSMutableArray+DCTExtras.m in Sources */ = {isa = PBXBuildFile; fileRef = 2464EEA81311DA400050B13C /* NSMutableArray+DCTExtras.m */; };
		2464EF1C1311DA400050B13C /* NSMutableSet+DCTExtras.m in Sources */ = {isa = PBXBuildFile; fileRef = 2464EEAA1311DA400050B13C /* NSMutableSet+DCTExtras.m */; };
		2464EF1D1311DA400050B13C /* NSObject+DCTKVOExtras.m in Sources */ = {isa = PBXBuildFile; fileRef = 2464EEAC1311DA400050B13C /* NSObject+DCTKVOExtras.m */; };
		2464EF1E1311DA400050B13C /* NSObject+DCTPerformSelector.m in Sources */ = {isa = PBXBuildFile; fileRef = 2464EEAE1311DA400050B13C /* NSObject+DCTPerformSelector.m */; };
		2464EF211311DAC00050B13C /* MKPolyline+DCTGoogleEncoding.m in Sources */ = {isa = PBXBuildFile; fileRef = 2464EF201311DAC00050B13C /* MKPolyline+DCTGoogleEncoding.m */; };
		2464EF231311DAFC0050B13C /* MapKit.framework in Frameworks */ = {isa = PBXBuildFile; fileRef = 2464EF221311DAFC0050B13C /* MapKit.framework */; };
		2464EF251311DB9F0050B13C /* CoreLocation.framework in Frameworks */ = {isa = PBXBuildFile; fileRef = 2464EF241311DB9F0050B13C /* CoreLocation.framework */; };
		2490F5381313A842003466CC /* DCTGoogleMapsDirection+Implementation.m in Sources */ = {isa = PBXBuildFile; fileRef = 2490F5371313A842003466CC /* DCTGoogleMapsDirection+Implementation.m */; };
		2490F53C1313A879003466CC /* DCTGoogleMapsRoute+Implementation.m in Sources */ = {isa = PBXBuildFile; fileRef = 2490F53B1313A878003466CC /* DCTGoogleMapsRoute+Implementation.m */; };
		2490F53F1313A8A4003466CC /* DCTGoogleMapsStep+Implementation.m in Sources */ = {isa = PBXBuildFile; fileRef = 2490F53E1313A8A4003466CC /* DCTGoogleMapsStep+Implementation.m */; };
		2490F5421313A8E9003466CC /* DCTGoogleMapsLeg+Implementation.m in Sources */ = {isa = PBXBuildFile; fileRef = 2490F5411313A8E9003466CC /* DCTGoogleMapsLeg+Implementation.m */; };
		249CA5BE131309A4001DF84B /* DCTGoogleMapsDirectionsConnectionController.m in Sources */ = {isa = PBXBuildFile; fileRef = 249CA5BD131309A4001DF84B /* DCTGoogleMapsDirectionsConnectionController.m */; };
		249CA5C213130CEE001DF84B /* DCTGoogleMapsConnectionController.m in Sources */ = {isa = PBXBuildFile; fileRef = 249CA5C113130CED001DF84B /* DCTGoogleMapsConnectionController.m */; };
/* End PBXBuildFile section */

/* Begin PBXFileReference section */
		2430F30113125DCE001977C8 /* DCTGoogleMapsDirections.xcdatamodel */ = {isa = PBXFileReference; lastKnownFileType = wrapper.xcdatamodel; path = DCTGoogleMapsDirections.xcdatamodel; sourceTree = "<group>"; };
		2430F30313125E71001977C8 /* DCTGoogleMapsGeocodingConnectionController.h */ = {isa = PBXFileReference; fileEncoding = 4; lastKnownFileType = sourcecode.c.h; path = DCTGoogleMapsGeocodingConnectionController.h; sourceTree = "<group>"; };
		2430F30413125E71001977C8 /* DCTGoogleMapsGeocodingConnectionController.m */ = {isa = PBXFileReference; fileEncoding = 4; lastKnownFileType = sourcecode.c.objc; path = DCTGoogleMapsGeocodingConnectionController.m; sourceTree = "<group>"; };
		2430F30613125ECE001977C8 /* DCTGoogleMapsStep.h */ = {isa = PBXFileReference; fileEncoding = 4; lastKnownFileType = sourcecode.c.h; path = DCTGoogleMapsStep.h; sourceTree = "<group>"; };
		2430F30713125ECE001977C8 /* DCTGoogleMapsStep.m */ = {isa = PBXFileReference; fileEncoding = 4; lastKnownFileType = sourcecode.c.objc; path = DCTGoogleMapsStep.m; sourceTree = "<group>"; };
		2430F30913125ECE001977C8 /* DCTGoogleMapsDirection.h */ = {isa = PBXFileReference; fileEncoding = 4; lastKnownFileType = sourcecode.c.h; path = DCTGoogleMapsDirection.h; sourceTree = "<group>"; };
		2430F30A13125ECE001977C8 /* DCTGoogleMapsDirection.m */ = {isa = PBXFileReference; fileEncoding = 4; lastKnownFileType = sourcecode.c.objc; path = DCTGoogleMapsDirection.m; sourceTree = "<group>"; };
		2430F30C13125ECE001977C8 /* DCTGoogleMapsRoute.h */ = {isa = PBXFileReference; fileEncoding = 4; lastKnownFileType = sourcecode.c.h; path = DCTGoogleMapsRoute.h; sourceTree = "<group>"; };
		2430F30D13125ECE001977C8 /* DCTGoogleMapsRoute.m */ = {isa = PBXFileReference; fileEncoding = 4; lastKnownFileType = sourcecode.c.objc; path = DCTGoogleMapsRoute.m; sourceTree = "<group>"; };
		2430F30F13125ECE001977C8 /* DCTGoogleMapsLeg.h */ = {isa = PBXFileReference; fileEncoding = 4; lastKnownFileType = sourcecode.c.h; path = DCTGoogleMapsLeg.h; sourceTree = "<group>"; };
		2430F31013125ECE001977C8 /* DCTGoogleMapsLeg.m */ = {isa = PBXFileReference; fileEncoding = 4; lastKnownFileType = sourcecode.c.objc; path = DCTGoogleMapsLeg.m; sourceTree = "<group>"; };
		2430F318131261AC001977C8 /* DCTGoogleMapsPlace.h */ = {isa = PBXFileReference; fileEncoding = 4; lastKnownFileType = sourcecode.c.h; path = DCTGoogleMapsPlace.h; sourceTree = "<group>"; };
		2430F319131261AD001977C8 /* DCTGoogleMapsPlace.m */ = {isa = PBXFileReference; fileEncoding = 4; lastKnownFileType = sourcecode.c.objc; path = DCTGoogleMapsPlace.m; sourceTree = "<group>"; };
		2430F31B131261E4001977C8 /* DCTGoogleMapsPlace+Implementation.h */ = {isa = PBXFileReference; fileEncoding = 4; lastKnownFileType = sourcecode.c.h; path = "DCTGoogleMapsPlace+Implementation.h"; sourceTree = "<group>"; };
		2430F31C131261E4001977C8 /* DCTGoogleMapsPlace+Implementation.m */ = {isa = PBXFileReference; fileEncoding = 4; lastKnownFileType = sourcecode.c.objc; path = "DCTGoogleMapsPlace+Implementation.m"; sourceTree = "<group>"; };
		2430F3461312721A001977C8 /* JSON.h */ = {isa = PBXFileReference; fileEncoding = 4; lastKnownFileType = sourcecode.c.h; path = JSON.h; sourceTree = "<group>"; };
		2430F3471312721A001977C8 /* NSObject+JSON.h */ = {isa = PBXFileReference; fileEncoding = 4; lastKnownFileType = sourcecode.c.h; path = "NSObject+JSON.h"; sourceTree = "<group>"; };
		2430F3481312721A001977C8 /* NSObject+JSON.m */ = {isa = PBXFileReference; fileEncoding = 4; lastKnownFileType = sourcecode.c.objc; path = "NSObject+JSON.m"; sourceTree = "<group>"; };
		2430F3491312721A001977C8 /* SBJsonParser.h */ = {isa = PBXFileReference; fileEncoding = 4; lastKnownFileType = sourcecode.c.h; path = SBJsonParser.h; sourceTree = "<group>"; };
		2430F34A1312721A001977C8 /* SBJsonParser.m */ = {isa = PBXFileReference; fileEncoding = 4; lastKnownFileType = sourcecode.c.objc; path = SBJsonParser.m; sourceTree = "<group>"; };
		2430F34B1312721A001977C8 /* SBJsonStreamParser.h */ = {isa = PBXFileReference; fileEncoding = 4; lastKnownFileType = sourcecode.c.h; path = SBJsonStreamParser.h; sourceTree = "<group>"; };
		2430F34C1312721A001977C8 /* SBJsonStreamParser.m */ = {isa = PBXFileReference; fileEncoding = 4; lastKnownFileType = sourcecode.c.objc; path = SBJsonStreamParser.m; sourceTree = "<group>"; };
		2430F34D1312721A001977C8 /* SBJsonStreamParserAdapter.h */ = {isa = PBXFileReference; fileEncoding = 4; lastKnownFileType = sourcecode.c.h; path = SBJsonStreamParserAdapter.h; sourceTree = "<group>"; };
		2430F34E1312721A001977C8 /* SBJsonStreamParserAdapter.m */ = {isa = PBXFileReference; fileEncoding = 4; lastKnownFileType = sourcecode.c.objc; path = SBJsonStreamParserAdapter.m; sourceTree = "<group>"; };
		2430F34F1312721A001977C8 /* SBJsonStreamParserState.h */ = {isa = PBXFileReference; fileEncoding = 4; lastKnownFileType = sourcecode.c.h; path = SBJsonStreamParserState.h; sourceTree = "<group>"; };
		2430F3501312721A001977C8 /* SBJsonStreamParserState.m */ = {isa = PBXFileReference; fileEncoding = 4; lastKnownFileType = sourcecode.c.objc; path = SBJsonStreamParserState.m; sourceTree = "<group>"; };
		2430F3511312721A001977C8 /* SBJsonStreamWriter.h */ = {isa = PBXFileReference; fileEncoding = 4; lastKnownFileType = sourcecode.c.h; path = SBJsonStreamWriter.h; sourceTree = "<group>"; };
		2430F3521312721A001977C8 /* SBJsonStreamWriter.m */ = {isa = PBXFileReference; fileEncoding = 4; lastKnownFileType = sourcecode.c.objc; path = SBJsonStreamWriter.m; sourceTree = "<group>"; };
		2430F3531312721A001977C8 /* SBJsonStreamWriterState.h */ = {isa = PBXFileReference; fileEncoding = 4; lastKnownFileType = sourcecode.c.h; path = SBJsonStreamWriterState.h; sourceTree = "<group>"; };
		2430F3541312721A001977C8 /* SBJsonStreamWriterState.m */ = {isa = PBXFileReference; fileEncoding = 4; lastKnownFileType = sourcecode.c.objc; path = SBJsonStreamWriterState.m; sourceTree = "<group>"; };
		2430F3551312721A001977C8 /* SBJsonTokeniser.h */ = {isa = PBXFileReference; fileEncoding = 4; lastKnownFileType = sourcecode.c.h; path = SBJsonTokeniser.h; sourceTree = "<group>"; };
		2430F3561312721A001977C8 /* SBJsonTokeniser.m */ = {isa = PBXFileReference; fileEncoding = 4; lastKnownFileType = sourcecode.c.objc; path = SBJsonTokeniser.m; sourceTree = "<group>"; };
		2430F3571312721A001977C8 /* SBJsonWriter.h */ = {isa = PBXFileReference; fileEncoding = 4; lastKnownFileType = sourcecode.c.h; path = SBJsonWriter.h; sourceTree = "<group>"; };
		2430F3581312721A001977C8 /* SBJsonWriter.m */ = {isa = PBXFileReference; fileEncoding = 4; lastKnownFileType = sourcecode.c.objc; path = SBJsonWriter.m; sourceTree = "<group>"; };
		2440D5C51311D7DE00BC487D /* DCTGoogleMaps.app */ = {isa = PBXFileReference; explicitFileType = wrapper.application; includeInIndex = 0; path = DCTGoogleMaps.app; sourceTree = BUILT_PRODUCTS_DIR; };
		2440D5C91311D7DE00BC487D /* UIKit.framework */ = {isa = PBXFileReference; lastKnownFileType = wrapper.framework; name = UIKit.framework; path = System/Library/Frameworks/UIKit.framework; sourceTree = SDKROOT; };
		2440D5CB1311D7DE00BC487D /* Foundation.framework */ = {isa = PBXFileReference; lastKnownFileType = wrapper.framework; name = Foundation.framework; path = System/Library/Frameworks/Foundation.framework; sourceTree = SDKROOT; };
		2440D5CD1311D7DE00BC487D /* CoreGraphics.framework */ = {isa = PBXFileReference; lastKnownFileType = wrapper.framework; name = CoreGraphics.framework; path = System/Library/Frameworks/CoreGraphics.framework; sourceTree = SDKROOT; };
		2440D5D11311D7DE00BC487D /* DCTGoogleMaps-Info.plist */ = {isa = PBXFileReference; lastKnownFileType = text.plist.xml; path = "DCTGoogleMaps-Info.plist"; sourceTree = "<group>"; };
		2440D5D31311D7DE00BC487D /* en */ = {isa = PBXFileReference; lastKnownFileType = text.plist.strings; name = en; path = en.lproj/InfoPlist.strings; sourceTree = "<group>"; };
		2440D5D51311D7DE00BC487D /* DCTGoogleMaps-Prefix.pch */ = {isa = PBXFileReference; lastKnownFileType = sourcecode.c.h; path = "DCTGoogleMaps-Prefix.pch"; sourceTree = "<group>"; };
		2440D5D61311D7DE00BC487D /* main.m */ = {isa = PBXFileReference; lastKnownFileType = sourcecode.c.objc; path = main.m; sourceTree = "<group>"; };
		2440D5D81311D7DE00BC487D /* DCTGoogleMapsAppDelegate.h */ = {isa = PBXFileReference; lastKnownFileType = sourcecode.c.h; path = DCTGoogleMapsAppDelegate.h; sourceTree = "<group>"; };
		2440D5D91311D7DE00BC487D /* DCTGoogleMapsAppDelegate.m */ = {isa = PBXFileReference; lastKnownFileType = sourcecode.c.objc; path = DCTGoogleMapsAppDelegate.m; sourceTree = "<group>"; };
		2440D5DC1311D7DE00BC487D /* en */ = {isa = PBXFileReference; lastKnownFileType = file.xib; name = en; path = en.lproj/MainWindow.xib; sourceTree = "<group>"; };
		2464EDCC1311D8370050B13C /* CoreData.framework */ = {isa = PBXFileReference; lastKnownFileType = wrapper.framework; name = CoreData.framework; path = System/Library/Frameworks/CoreData.framework; sourceTree = SDKROOT; };
		2464EE0C1311DA400050B13C /* NSData+Base64.h */ = {isa = PBXFileReference; fileEncoding = 4; lastKnownFileType = sourcecode.c.h; path = "NSData+Base64.h"; sourceTree = "<group>"; };
		2464EE0D1311DA400050B13C /* NSData+Base64.m */ = {isa = PBXFileReference; fileEncoding = 4; lastKnownFileType = sourcecode.c.objc; path = "NSData+Base64.m"; sourceTree = "<group>"; };
		2464EE0E1311DA400050B13C /* NSString+DCTURLEncoding.h */ = {isa = PBXFileReference; fileEncoding = 4; lastKnownFileType = sourcecode.c.h; path = "NSString+DCTURLEncoding.h"; sourceTree = "<group>"; };
		2464EE0F1311DA400050B13C /* NSString+DCTURLEncoding.m */ = {isa = PBXFileReference; fileEncoding = 4; lastKnownFileType = sourcecode.c.objc; path = "NSString+DCTURLEncoding.m"; sourceTree = "<group>"; };
		2464EE111311DA400050B13C /* DCTRequestConnectionController.h */ = {isa = PBXFileReference; fileEncoding = 4; lastKnownFileType = sourcecode.c.h; path = DCTRequestConnectionController.h; sourceTree = "<group>"; };
		2464EE121311DA400050B13C /* DCTRequestConnectionController.m */ = {isa = PBXFileReference; fileEncoding = 4; lastKnownFileType = sourcecode.c.objc; path = DCTRequestConnectionController.m; sourceTree = "<group>"; };
		2464EE131311DA400050B13C /* DCTURLConnectionController.h */ = {isa = PBXFileReference; fileEncoding = 4; lastKnownFileType = sourcecode.c.h; path = DCTURLConnectionController.h; sourceTree = "<group>"; };
		2464EE141311DA400050B13C /* DCTURLConnectionController.m */ = {isa = PBXFileReference; fileEncoding = 4; lastKnownFileType = sourcecode.c.objc; path = DCTURLConnectionController.m; sourceTree = "<group>"; };
		2464EE151311DA400050B13C /* DCTConnectionController+Equality.h */ = {isa = PBXFileReference; fileEncoding = 4; lastKnownFileType = sourcecode.c.h; path = "DCTConnectionController+Equality.h"; sourceTree = "<group>"; };
		2464EE161311DA400050B13C /* DCTConnectionController+Equality.m */ = {isa = PBXFileReference; fileEncoding = 4; lastKnownFileType = sourcecode.c.objc; path = "DCTConnectionController+Equality.m"; sourceTree = "<group>"; };
		2464EE171311DA400050B13C /* DCTConnectionController.h */ = {isa = PBXFileReference; fileEncoding = 4; lastKnownFileType = sourcecode.c.h; path = DCTConnectionController.h; sourceTree = "<group>"; };
		2464EE181311DA400050B13C /* DCTConnectionController.m */ = {isa = PBXFileReference; fileEncoding = 4; lastKnownFileType = sourcecode.c.objc; path = DCTConnectionController.m; sourceTree = "<group>"; };
		2464EE191311DA400050B13C /* DCTConnectionQueue+Singleton.h */ = {isa = PBXFileReference; fileEncoding = 4; lastKnownFileType = sourcecode.c.h; path = "DCTConnectionQueue+Singleton.h"; sourceTree = "<group>"; };
		2464EE1A1311DA400050B13C /* DCTConnectionQueue+Singleton.m */ = {isa = PBXFileReference; fileEncoding = 4; lastKnownFileType = sourcecode.c.objc; path = "DCTConnectionQueue+Singleton.m"; sourceTree = "<group>"; };
		2464EE1B1311DA400050B13C /* DCTConnectionQueue.h */ = {isa = PBXFileReference; fileEncoding = 4; lastKnownFileType = sourcecode.c.h; path = DCTConnectionQueue.h; sourceTree = "<group>"; };
		2464EE1C1311DA400050B13C /* DCTConnectionQueue.m */ = {isa = PBXFileReference; fileEncoding = 4; lastKnownFileType = sourcecode.c.objc; path = DCTConnectionQueue.m; sourceTree = "<group>"; };
		2464EE1E1311DA400050B13C /* DCTRESTController.h */ = {isa = PBXFileReference; fileEncoding = 4; lastKnownFileType = sourcecode.c.h; path = DCTRESTController.h; sourceTree = "<group>"; };
		2464EE1F1311DA400050B13C /* DCTRESTController.m */ = {isa = PBXFileReference; fileEncoding = 4; lastKnownFileType = sourcecode.c.objc; path = DCTRESTController.m; sourceTree = "<group>"; };
		2464EE201311DA400050B13C /* DCTURLConnection.h */ = {isa = PBXFileReference; fileEncoding = 4; lastKnownFileType = sourcecode.c.h; path = DCTURLConnection.h; sourceTree = "<group>"; };
		2464EE211311DA400050B13C /* DCTURLConnection.m */ = {isa = PBXFileReference; fileEncoding = 4; lastKnownFileType = sourcecode.c.objc; path = DCTURLConnection.m; sourceTree = "<group>"; };
		2464EE231311DA400050B13C /* DCTConnectionQueue+UIKitAdditions.h */ = {isa = PBXFileReference; fileEncoding = 4; lastKnownFileType = sourcecode.c.h; path = "DCTConnectionQueue+UIKitAdditions.h"; sourceTree = "<group>"; };
		2464EE241311DA400050B13C /* DCTConnectionQueue+UIKitAdditions.m */ = {isa = PBXFileReference; fileEncoding = 4; lastKnownFileType = sourcecode.c.objc; path = "DCTConnectionQueue+UIKitAdditions.m"; sourceTree = "<group>"; };
		2464EE4E1311DA400050B13C /* NSManagedObjectContext+DCTAsynchronousDataFetching.h */ = {isa = PBXFileReference; fileEncoding = 4; lastKnownFileType = sourcecode.c.h; path = "NSManagedObjectContext+DCTAsynchronousDataFetching.h"; sourceTree = "<group>"; };
		2464EE4F1311DA400050B13C /* NSManagedObjectContext+DCTAsynchronousDataFetching.m */ = {isa = PBXFileReference; fileEncoding = 4; lastKnownFileType = sourcecode.c.objc; path = "NSManagedObjectContext+DCTAsynchronousDataFetching.m"; sourceTree = "<group>"; };
		2464EE501311DA400050B13C /* NSManagedObjectContext+DCTAsynchronousTasks.h */ = {isa = PBXFileReference; fileEncoding = 4; lastKnownFileType = sourcecode.c.h; path = "NSManagedObjectContext+DCTAsynchronousTasks.h"; sourceTree = "<group>"; };
		2464EE511311DA400050B13C /* NSManagedObjectContext+DCTAsynchronousTasks.m */ = {isa = PBXFileReference; fileEncoding = 4; lastKnownFileType = sourcecode.c.objc; path = "NSManagedObjectContext+DCTAsynchronousTasks.m"; sourceTree = "<group>"; };
		2464EE531311DA400050B13C /* NSAttributeDescription+DCTObjectCheck.h */ = {isa = PBXFileReference; fileEncoding = 4; lastKnownFileType = sourcecode.c.h; path = "NSAttributeDescription+DCTObjectCheck.h"; sourceTree = "<group>"; };
		2464EE541311DA400050B13C /* NSAttributeDescription+DCTObjectCheck.m */ = {isa = PBXFileReference; fileEncoding = 4; lastKnownFileType = sourcecode.c.objc; path = "NSAttributeDescription+DCTObjectCheck.m"; sourceTree = "<group>"; };
		2464EE551311DA400050B13C /* NSDictionary+DCTKeyForObject.h */ = {isa = PBXFileReference; fileEncoding = 4; lastKnownFileType = sourcecode.c.h; path = "NSDictionary+DCTKeyForObject.h"; sourceTree = "<group>"; };
		2464EE561311DA400050B13C /* NSDictionary+DCTKeyForObject.m */ = {isa = PBXFileReference; fileEncoding = 4; lastKnownFileType = sourcecode.c.objc; path = "NSDictionary+DCTKeyForObject.m"; sourceTree = "<group>"; };
		2464EE571311DA400050B13C /* NSEntityDescription+DCTObjectCheck.h */ = {isa = PBXFileReference; fileEncoding = 4; lastKnownFileType = sourcecode.c.h; path = "NSEntityDescription+DCTObjectCheck.h"; sourceTree = "<group>"; };
		2464EE581311DA400050B13C /* NSEntityDescription+DCTObjectCheck.m */ = {isa = PBXFileReference; fileEncoding = 4; lastKnownFileType = sourcecode.c.objc; path = "NSEntityDescription+DCTObjectCheck.m"; sourceTree = "<group>"; };
		2464EE591311DA400050B13C /* NSManagedObject+DCTAutomatedSetup.h */ = {isa = PBXFileReference; fileEncoding = 4; lastKnownFileType = sourcecode.c.h; path = "NSManagedObject+DCTAutomatedSetup.h"; sourceTree = "<group>"; };
		2464EE5A1311DA400050B13C /* NSManagedObject+DCTAutomatedSetup.m */ = {isa = PBXFileReference; fileEncoding = 4; lastKnownFileType = sourcecode.c.objc; path = "NSManagedObject+DCTAutomatedSetup.m"; sourceTree = "<group>"; };
		2464EE5B1311DA400050B13C /* NSManagedObject+DCTAutomatedSync.h */ = {isa = PBXFileReference; fileEncoding = 4; lastKnownFileType = sourcecode.c.h; path = "NSManagedObject+DCTAutomatedSync.h"; sourceTree = "<group>"; };
		2464EE5C1311DA400050B13C /* NSManagedObject+DCTAutomatedSync.m */ = {isa = PBXFileReference; fileEncoding = 4; lastKnownFileType = sourcecode.c.objc; path = "NSManagedObject+DCTAutomatedSync.m"; sourceTree = "<group>"; };
		2464EE5D1311DA400050B13C /* NSArray+DCTSortDescriptors.h */ = {isa = PBXFileReference; fileEncoding = 4; lastKnownFileType = sourcecode.c.h; path = "NSArray+DCTSortDescriptors.h"; sourceTree = "<group>"; };
		2464EE5E1311DA400050B13C /* NSArray+DCTSortDescriptors.m */ = {isa = PBXFileReference; fileEncoding = 4; lastKnownFileType = sourcecode.c.objc; path = "NSArray+DCTSortDescriptors.m"; sourceTree = "<group>"; };
		2464EE5F1311DA400050B13C /* NSFetchedResultsController+DCTExtras.h */ = {isa = PBXFileReference; fileEncoding = 4; lastKnownFileType = sourcecode.c.h; path = "NSFetchedResultsController+DCTExtras.h"; sourceTree = "<group>"; };
		2464EE601311DA400050B13C /* NSFetchedResultsController+DCTExtras.m */ = {isa = PBXFileReference; fileEncoding = 4; lastKnownFileType = sourcecode.c.objc; path = "NSFetchedResultsController+DCTExtras.m"; sourceTree = "<group>"; };
		2464EE611311DA400050B13C /* NSFetchRequest+DCTExtras.h */ = {isa = PBXFileReference; fileEncoding = 4; lastKnownFileType = sourcecode.c.h; path = "NSFetchRequest+DCTExtras.h"; sourceTree = "<group>"; };
		2464EE621311DA400050B13C /* NSFetchRequest+DCTExtras.m */ = {isa = PBXFileReference; fileEncoding = 4; lastKnownFileType = sourcecode.c.objc; path = "NSFetchRequest+DCTExtras.m"; sourceTree = "<group>"; };
		2464EE631311DA400050B13C /* NSManagedObject+DCTExtras.h */ = {isa = PBXFileReference; fileEncoding = 4; lastKnownFileType = sourcecode.c.h; path = "NSManagedObject+DCTExtras.h"; sourceTree = "<group>"; };
		2464EE641311DA400050B13C /* NSManagedObject+DCTExtras.m */ = {isa = PBXFileReference; fileEncoding = 4; lastKnownFileType = sourcecode.c.objc; path = "NSManagedObject+DCTExtras.m"; sourceTree = "<group>"; };
		2464EE651311DA400050B13C /* NSManagedObject+DCTOrdering.h */ = {isa = PBXFileReference; fileEncoding = 4; lastKnownFileType = sourcecode.c.h; path = "NSManagedObject+DCTOrdering.h"; sourceTree = "<group>"; };
		2464EE661311DA400050B13C /* NSManagedObject+DCTOrdering.m */ = {isa = PBXFileReference; fileEncoding = 4; lastKnownFileType = sourcecode.c.objc; path = "NSManagedObject+DCTOrdering.m"; sourceTree = "<group>"; };
		2464EE671311DA400050B13C /* NSManagedObject+DCTRelatedObjects.h */ = {isa = PBXFileReference; fileEncoding = 4; lastKnownFileType = sourcecode.c.h; path = "NSManagedObject+DCTRelatedObjects.h"; sourceTree = "<group>"; };
		2464EE681311DA400050B13C /* NSManagedObject+DCTRelatedObjects.m */ = {isa = PBXFileReference; fileEncoding = 4; lastKnownFileType = sourcecode.c.objc; path = "NSManagedObject+DCTRelatedObjects.m"; sourceTree = "<group>"; };
		2464EE691311DA400050B13C /* NSManagedObjectContext+DCTDataFetching.h */ = {isa = PBXFileReference; fileEncoding = 4; lastKnownFileType = sourcecode.c.h; path = "NSManagedObjectContext+DCTDataFetching.h"; sourceTree = "<group>"; };
		2464EE6A1311DA400050B13C /* NSManagedObjectContext+DCTDataFetching.m */ = {isa = PBXFileReference; fileEncoding = 4; lastKnownFileType = sourcecode.c.objc; path = "NSManagedObjectContext+DCTDataFetching.m"; sourceTree = "<group>"; };
		2464EE6B1311DA400050B13C /* NSManagedObjectContext+DCTExtras.h */ = {isa = PBXFileReference; fileEncoding = 4; lastKnownFileType = sourcecode.c.h; path = "NSManagedObjectContext+DCTExtras.h"; sourceTree = "<group>"; };
		2464EE6C1311DA400050B13C /* NSManagedObjectContext+DCTExtras.m */ = {isa = PBXFileReference; fileEncoding = 4; lastKnownFileType = sourcecode.c.objc; path = "NSManagedObjectContext+DCTExtras.m"; sourceTree = "<group>"; };
		2464EE6D1311DA400050B13C /* NSPredicate+DCTExtras.h */ = {isa = PBXFileReference; fileEncoding = 4; lastKnownFileType = sourcecode.c.h; path = "NSPredicate+DCTExtras.h"; sourceTree = "<group>"; };
		2464EE6E1311DA400050B13C /* NSPredicate+DCTExtras.m */ = {isa = PBXFileReference; fileEncoding = 4; lastKnownFileType = sourcecode.c.objc; path = "NSPredicate+DCTExtras.m"; sourceTree = "<group>"; };
		2464EE971311DA400050B13C /* DCTBlock.h */ = {isa = PBXFileReference; fileEncoding = 4; lastKnownFileType = sourcecode.c.h; path = DCTBlock.h; sourceTree = "<group>"; };
		2464EE981311DA400050B13C /* DCTBlock.m */ = {isa = PBXFileReference; fileEncoding = 4; lastKnownFileType = sourcecode.c.objc; path = DCTBlock.m; sourceTree = "<group>"; };
		2464EE991311DA400050B13C /* DCTObservationInfo.h */ = {isa = PBXFileReference; fileEncoding = 4; lastKnownFileType = sourcecode.c.h; path = DCTObservationInfo.h; sourceTree = "<group>"; };
		2464EE9A1311DA400050B13C /* DCTObservationInfo.m */ = {isa = PBXFileReference; fileEncoding = 4; lastKnownFileType = sourcecode.c.objc; path = DCTObservationInfo.m; sourceTree = "<group>"; };
		2464EE9B1311DA400050B13C /* DCTQueue.h */ = {isa = PBXFileReference; fileEncoding = 4; lastKnownFileType = sourcecode.c.h; path = DCTQueue.h; sourceTree = "<group>"; };
		2464EE9C1311DA400050B13C /* DCTQueue.m */ = {isa = PBXFileReference; fileEncoding = 4; lastKnownFileType = sourcecode.c.objc; path = DCTQueue.m; sourceTree = "<group>"; };
		2464EE9D1311DA400050B13C /* DCTStack.h */ = {isa = PBXFileReference; fileEncoding = 4; lastKnownFileType = sourcecode.c.h; path = DCTStack.h; sourceTree = "<group>"; };
		2464EE9E1311DA400050B13C /* DCTStack.m */ = {isa = PBXFileReference; fileEncoding = 4; lastKnownFileType = sourcecode.c.objc; path = DCTStack.m; sourceTree = "<group>"; };
		2464EE9F1311DA400050B13C /* NSArray+DCTExtras.h */ = {isa = PBXFileReference; fileEncoding = 4; lastKnownFileType = sourcecode.c.h; path = "NSArray+DCTExtras.h"; sourceTree = "<group>"; };
		2464EEA01311DA400050B13C /* NSArray+DCTExtras.m */ = {isa = PBXFileReference; fileEncoding = 4; lastKnownFileType = sourcecode.c.objc; path = "NSArray+DCTExtras.m"; sourceTree = "<group>"; };
		2464EEA11311DA400050B13C /* NSDate+DCTDateComponents.h */ = {isa = PBXFileReference; fileEncoding = 4; lastKnownFileType = sourcecode.c.h; path = "NSDate+DCTDateComponents.h"; sourceTree = "<group>"; };
		2464EEA21311DA400050B13C /* NSDate+DCTDateComponents.m */ = {isa = PBXFileReference; fileEncoding = 4; lastKnownFileType = sourcecode.c.objc; path = "NSDate+DCTDateComponents.m"; sourceTree = "<group>"; };
		2464EEA31311DA400050B13C /* NSDictionary+DCTExtras.h */ = {isa = PBXFileReference; fileEncoding = 4; lastKnownFileType = sourcecode.c.h; path = "NSDictionary+DCTExtras.h"; sourceTree = "<group>"; };
		2464EEA41311DA400050B13C /* NSDictionary+DCTExtras.m */ = {isa = PBXFileReference; fileEncoding = 4; lastKnownFileType = sourcecode.c.objc; path = "NSDictionary+DCTExtras.m"; sourceTree = "<group>"; };
		2464EEA51311DA400050B13C /* NSError+DCTExtensions.h */ = {isa = PBXFileReference; fileEncoding = 4; lastKnownFileType = sourcecode.c.h; path = "NSError+DCTExtensions.h"; sourceTree = "<group>"; };
		2464EEA61311DA400050B13C /* NSError+DCTExtensions.m */ = {isa = PBXFileReference; fileEncoding = 4; lastKnownFileType = sourcecode.c.objc; path = "NSError+DCTExtensions.m"; sourceTree = "<group>"; };
		2464EEA71311DA400050B13C /* NSMutableArray+DCTExtras.h */ = {isa = PBXFileReference; fileEncoding = 4; lastKnownFileType = sourcecode.c.h; path = "NSMutableArray+DCTExtras.h"; sourceTree = "<group>"; };
		2464EEA81311DA400050B13C /* NSMutableArray+DCTExtras.m */ = {isa = PBXFileReference; fileEncoding = 4; lastKnownFileType = sourcecode.c.objc; path = "NSMutableArray+DCTExtras.m"; sourceTree = "<group>"; };
		2464EEA91311DA400050B13C /* NSMutableSet+DCTExtras.h */ = {isa = PBXFileReference; fileEncoding = 4; lastKnownFileType = sourcecode.c.h; path = "NSMutableSet+DCTExtras.h"; sourceTree = "<group>"; };
		2464EEAA1311DA400050B13C /* NSMutableSet+DCTExtras.m */ = {isa = PBXFileReference; fileEncoding = 4; lastKnownFileType = sourcecode.c.objc; path = "NSMutableSet+DCTExtras.m"; sourceTree = "<group>"; };
		2464EEAB1311DA400050B13C /* NSObject+DCTKVOExtras.h */ = {isa = PBXFileReference; fileEncoding = 4; lastKnownFileType = sourcecode.c.h; path = "NSObject+DCTKVOExtras.h"; sourceTree = "<group>"; };
		2464EEAC1311DA400050B13C /* NSObject+DCTKVOExtras.m */ = {isa = PBXFileReference; fileEncoding = 4; lastKnownFileType = sourcecode.c.objc; path = "NSObject+DCTKVOExtras.m"; sourceTree = "<group>"; };
		2464EEAD1311DA400050B13C /* NSObject+DCTPerformSelector.h */ = {isa = PBXFileReference; fileEncoding = 4; lastKnownFileType = sourcecode.c.h; path = "NSObject+DCTPerformSelector.h"; sourceTree = "<group>"; };
		2464EEAE1311DA400050B13C /* NSObject+DCTPerformSelector.m */ = {isa = PBXFileReference; fileEncoding = 4; lastKnownFileType = sourcecode.c.objc; path = "NSObject+DCTPerformSelector.m"; sourceTree = "<group>"; };
		2464EF1F1311DAC00050B13C /* MKPolyline+DCTGoogleEncoding.h */ = {isa = PBXFileReference; fileEncoding = 4; lastKnownFileType = sourcecode.c.h; path = "MKPolyline+DCTGoogleEncoding.h"; sourceTree = "<group>"; };
		2464EF201311DAC00050B13C /* MKPolyline+DCTGoogleEncoding.m */ = {isa = PBXFileReference; fileEncoding = 4; lastKnownFileType = sourcecode.c.objc; path = "MKPolyline+DCTGoogleEncoding.m"; sourceTree = "<group>"; };
		2464EF221311DAFC0050B13C /* MapKit.framework */ = {isa = PBXFileReference; lastKnownFileType = wrapper.framework; name = MapKit.framework; path = System/Library/Frameworks/MapKit.framework; sourceTree = SDKROOT; };
		2464EF241311DB9F0050B13C /* CoreLocation.framework */ = {isa = PBXFileReference; lastKnownFileType = wrapper.framework; name = CoreLocation.framework; path = System/Library/Frameworks/CoreLocation.framework; sourceTree = SDKROOT; };
		2490F5361313A842003466CC /* DCTGoogleMapsDirection+Implementation.h */ = {isa = PBXFileReference; fileEncoding = 4; lastKnownFileType = sourcecode.c.h; path = "DCTGoogleMapsDirection+Implementation.h"; sourceTree = "<group>"; };
		2490F5371313A842003466CC /* DCTGoogleMapsDirection+Implementation.m */ = {isa = PBXFileReference; fileEncoding = 4; lastKnownFileType = sourcecode.c.objc; path = "DCTGoogleMapsDirection+Implementation.m"; sourceTree = "<group>"; };
		2490F53A1313A878003466CC /* DCTGoogleMapsRoute+Implementation.h */ = {isa = PBXFileReference; fileEncoding = 4; lastKnownFileType = sourcecode.c.h; path = "DCTGoogleMapsRoute+Implementation.h"; sourceTree = "<group>"; };
		2490F53B1313A878003466CC /* DCTGoogleMapsRoute+Implementation.m */ = {isa = PBXFileReference; fileEncoding = 4; lastKnownFileType = sourcecode.c.objc; path = "DCTGoogleMapsRoute+Implementation.m"; sourceTree = "<group>"; };
		2490F53D1313A8A4003466CC /* DCTGoogleMapsStep+Implementation.h */ = {isa = PBXFileReference; fileEncoding = 4; lastKnownFileType = sourcecode.c.h; path = "DCTGoogleMapsStep+Implementation.h"; sourceTree = "<group>"; };
		2490F53E1313A8A4003466CC /* DCTGoogleMapsStep+Implementation.m */ = {isa = PBXFileReference; fileEncoding = 4; lastKnownFileType = sourcecode.c.objc; path = "DCTGoogleMapsStep+Implementation.m"; sourceTree = "<group>"; };
		2490F5401313A8E8003466CC /* DCTGoogleMapsLeg+Implementation.h */ = {isa = PBXFileReference; fileEncoding = 4; lastKnownFileType = sourcecode.c.h; path = "DCTGoogleMapsLeg+Implementation.h"; sourceTree = "<group>"; };
		2490F5411313A8E9003466CC /* DCTGoogleMapsLeg+Implementation.m */ = {isa = PBXFileReference; fileEncoding = 4; lastKnownFileType = sourcecode.c.objc; path = "DCTGoogleMapsLeg+Implementation.m"; sourceTree = "<group>"; };
		249CA5BC131309A4001DF84B /* DCTGoogleMapsDirectionsConnectionController.h */ = {isa = PBXFileReference; fileEncoding = 4; lastKnownFileType = sourcecode.c.h; path = DCTGoogleMapsDirectionsConnectionController.h; sourceTree = "<group>"; };
		249CA5BD131309A4001DF84B /* DCTGoogleMapsDirectionsConnectionController.m */ = {isa = PBXFileReference; fileEncoding = 4; lastKnownFileType = sourcecode.c.objc; path = DCTGoogleMapsDirectionsConnectionController.m; sourceTree = "<group>"; };
		249CA5C013130CEC001DF84B /* DCTGoogleMapsConnectionController.h */ = {isa = PBXFileReference; fileEncoding = 4; lastKnownFileType = sourcecode.c.h; path = DCTGoogleMapsConnectionController.h; sourceTree = "<group>"; };
		249CA5C113130CED001DF84B /* DCTGoogleMapsConnectionController.m */ = {isa = PBXFileReference; fileEncoding = 4; lastKnownFileType = sourcecode.c.objc; path = DCTGoogleMapsConnectionController.m; sourceTree = "<group>"; };
/* End PBXFileReference section */

/* Begin PBXFrameworksBuildPhase section */
		2440D5C21311D7DE00BC487D /* Frameworks */ = {
			isa = PBXFrameworksBuildPhase;
			buildActionMask = 2147483647;
			files = (
				2464EF251311DB9F0050B13C /* CoreLocation.framework in Frameworks */,
				2464EF231311DAFC0050B13C /* MapKit.framework in Frameworks */,
				2464EDCD1311D8370050B13C /* CoreData.framework in Frameworks */,
				2440D5CA1311D7DE00BC487D /* UIKit.framework in Frameworks */,
				2440D5CC1311D7DE00BC487D /* Foundation.framework in Frameworks */,
				2440D5CE1311D7DE00BC487D /* CoreGraphics.framework in Frameworks */,
			);
			runOnlyForDeploymentPostprocessing = 0;
		};
/* End PBXFrameworksBuildPhase section */

/* Begin PBXGroup section */
		2430F2E21311DEA3001977C8 /* Directions */ = {
			isa = PBXGroup;
			children = (
				249CA5BC131309A4001DF84B /* DCTGoogleMapsDirectionsConnectionController.h */,
				249CA5BD131309A4001DF84B /* DCTGoogleMapsDirectionsConnectionController.m */,
				2430F30F13125ECE001977C8 /* DCTGoogleMapsLeg.h */,
				2430F31013125ECE001977C8 /* DCTGoogleMapsLeg.m */,
				2430F30C13125ECE001977C8 /* DCTGoogleMapsRoute.h */,
				2430F30D13125ECE001977C8 /* DCTGoogleMapsRoute.m */,
				2430F30913125ECE001977C8 /* DCTGoogleMapsDirection.h */,
				2430F30A13125ECE001977C8 /* DCTGoogleMapsDirection.m */,
				2430F30613125ECE001977C8 /* DCTGoogleMapsStep.h */,
				2430F30713125ECE001977C8 /* DCTGoogleMapsStep.m */,
				2490F5361313A842003466CC /* DCTGoogleMapsDirection+Implementation.h */,
				2490F5371313A842003466CC /* DCTGoogleMapsDirection+Implementation.m */,
				2490F53A1313A878003466CC /* DCTGoogleMapsRoute+Implementation.h */,
				2490F53B1313A878003466CC /* DCTGoogleMapsRoute+Implementation.m */,
				2490F53D1313A8A4003466CC /* DCTGoogleMapsStep+Implementation.h */,
				2490F53E1313A8A4003466CC /* DCTGoogleMapsStep+Implementation.m */,
				2490F5401313A8E8003466CC /* DCTGoogleMapsLeg+Implementation.h */,
				2490F5411313A8E9003466CC /* DCTGoogleMapsLeg+Implementation.m */,
			);
			path = Directions;
			sourceTree = "<group>";
		};
		2430F2FF13125DB6001977C8 /* Geocoding */ = {
			isa = PBXGroup;
			children = (
				2430F318131261AC001977C8 /* DCTGoogleMapsPlace.h */,
				2430F319131261AD001977C8 /* DCTGoogleMapsPlace.m */,
				2430F30313125E71001977C8 /* DCTGoogleMapsGeocodingConnectionController.h */,
				2430F30413125E71001977C8 /* DCTGoogleMapsGeocodingConnectionController.m */,
				2430F31B131261E4001977C8 /* DCTGoogleMapsPlace+Implementation.h */,
				2430F31C131261E4001977C8 /* DCTGoogleMapsPlace+Implementation.m */,
			);
			path = Geocoding;
			sourceTree = "<group>";
		};
		2430F31E1312721A001977C8 /* json-framework */ = {
			isa = PBXGroup;
			children = (
				2430F3461312721A001977C8 /* JSON.h */,
				2430F3471312721A001977C8 /* NSObject+JSON.h */,
				2430F3481312721A001977C8 /* NSObject+JSON.m */,
				2430F3491312721A001977C8 /* SBJsonParser.h */,
				2430F34A1312721A001977C8 /* SBJsonParser.m */,
				2430F34B1312721A001977C8 /* SBJsonStreamParser.h */,
				2430F34C1312721A001977C8 /* SBJsonStreamParser.m */,
				2430F34D1312721A001977C8 /* SBJsonStreamParserAdapter.h */,
				2430F34E1312721A001977C8 /* SBJsonStreamParserAdapter.m */,
				2430F34F1312721A001977C8 /* SBJsonStreamParserState.h */,
				2430F3501312721A001977C8 /* SBJsonStreamParserState.m */,
				2430F3511312721A001977C8 /* SBJsonStreamWriter.h */,
				2430F3521312721A001977C8 /* SBJsonStreamWriter.m */,
				2430F3531312721A001977C8 /* SBJsonStreamWriterState.h */,
				2430F3541312721A001977C8 /* SBJsonStreamWriterState.m */,
				2430F3551312721A001977C8 /* SBJsonTokeniser.h */,
				2430F3561312721A001977C8 /* SBJsonTokeniser.m */,
				2430F3571312721A001977C8 /* SBJsonWriter.h */,
				2430F3581312721A001977C8 /* SBJsonWriter.m */,
			);
			name = "json-framework";
			path = "../json-framework";
			sourceTree = "<group>";
		};
		2440D5BA1311D7DE00BC487D = {
			isa = PBXGroup;
			children = (
				2464EDE21311DA400050B13C /* DCTConnectionController */,
				2464EE251311DA400050B13C /* DCTCoreData */,
				2464EE6F1311DA400050B13C /* DCTFoundation */,
				2430F31E1312721A001977C8 /* json-framework */,
				2464EDCE1311D84B0050B13C /* DCTGoogleMaps */,
				2440D5CF1311D7DE00BC487D /* Classes */,
				2440D5C81311D7DE00BC487D /* Frameworks */,
				2440D5C61311D7DE00BC487D /* Products */,
			);
			sourceTree = "<group>";
		};
		2440D5C61311D7DE00BC487D /* Products */ = {
			isa = PBXGroup;
			children = (
				2440D5C51311D7DE00BC487D /* DCTGoogleMaps.app */,
			);
			name = Products;
			sourceTree = "<group>";
		};
		2440D5C81311D7DE00BC487D /* Frameworks */ = {
			isa = PBXGroup;
			children = (
				2464EF241311DB9F0050B13C /* CoreLocation.framework */,
				2464EF221311DAFC0050B13C /* MapKit.framework */,
				2440D5C91311D7DE00BC487D /* UIKit.framework */,
				2440D5CB1311D7DE00BC487D /* Foundation.framework */,
				2464EDCC1311D8370050B13C /* CoreData.framework */,
				2440D5CD1311D7DE00BC487D /* CoreGraphics.framework */,
			);
			name = Frameworks;
			sourceTree = "<group>";
		};
		2440D5CF1311D7DE00BC487D /* Classes */ = {
			isa = PBXGroup;
			children = (
				2440D5D81311D7DE00BC487D /* DCTGoogleMapsAppDelegate.h */,
				2440D5D91311D7DE00BC487D /* DCTGoogleMapsAppDelegate.m */,
				2440D5DB1311D7DE00BC487D /* MainWindow.xib */,
				2440D5D01311D7DE00BC487D /* Supporting Files */,
			);
			name = Classes;
			path = DCTGoogleMaps;
			sourceTree = "<group>";
		};
		2440D5D01311D7DE00BC487D /* Supporting Files */ = {
			isa = PBXGroup;
			children = (
				2440D5D11311D7DE00BC487D /* DCTGoogleMaps-Info.plist */,
				2440D5D21311D7DE00BC487D /* InfoPlist.strings */,
				2440D5D51311D7DE00BC487D /* DCTGoogleMaps-Prefix.pch */,
				2440D5D61311D7DE00BC487D /* main.m */,
			);
			name = "Supporting Files";
			sourceTree = "<group>";
		};
		2464EDCE1311D84B0050B13C /* DCTGoogleMaps */ = {
			isa = PBXGroup;
			children = (
				2430F30013125DCE001977C8 /* DCTGoogleMapsDirections.xcdatamodeld */,
				2464EF1F1311DAC00050B13C /* MKPolyline+DCTGoogleEncoding.h */,
				2464EF201311DAC00050B13C /* MKPolyline+DCTGoogleEncoding.m */,
				249CA5C013130CEC001DF84B /* DCTGoogleMapsConnectionController.h */,
				249CA5C113130CED001DF84B /* DCTGoogleMapsConnectionController.m */,
				2430F2E21311DEA3001977C8 /* Directions */,
				2430F2FF13125DB6001977C8 /* Geocoding */,
			);
			name = DCTGoogleMaps;
			path = ..;
			sourceTree = "<group>";
		};
		2464EDE21311DA400050B13C /* DCTConnectionController */ = {
			isa = PBXGroup;
			children = (
				2464EE0B1311DA400050B13C /* Categories */,
				2464EE101311DA400050B13C /* Connection Controllers */,
				2464EE151311DA400050B13C /* DCTConnectionController+Equality.h */,
				2464EE161311DA400050B13C /* DCTConnectionController+Equality.m */,
				2464EE171311DA400050B13C /* DCTConnectionController.h */,
				2464EE181311DA400050B13C /* DCTConnectionController.m */,
				2464EE191311DA400050B13C /* DCTConnectionQueue+Singleton.h */,
				2464EE1A1311DA400050B13C /* DCTConnectionQueue+Singleton.m */,
				2464EE1B1311DA400050B13C /* DCTConnectionQueue.h */,
				2464EE1C1311DA400050B13C /* DCTConnectionQueue.m */,
				2464EE1E1311DA400050B13C /* DCTRESTController.h */,
				2464EE1F1311DA400050B13C /* DCTRESTController.m */,
				2464EE201311DA400050B13C /* DCTURLConnection.h */,
				2464EE211311DA400050B13C /* DCTURLConnection.m */,
				2464EE221311DA400050B13C /* UIKit Additions */,
			);
			name = DCTConnectionController;
			path = ../DCTConnectionController;
			sourceTree = "<group>";
		};
		2464EE0B1311DA400050B13C /* Categories */ = {
			isa = PBXGroup;
			children = (
				2464EE0C1311DA400050B13C /* NSData+Base64.h */,
				2464EE0D1311DA400050B13C /* NSData+Base64.m */,
				2464EE0E1311DA400050B13C /* NSString+DCTURLEncoding.h */,
				2464EE0F1311DA400050B13C /* NSString+DCTURLEncoding.m */,
			);
			path = Categories;
			sourceTree = "<group>";
		};
		2464EE101311DA400050B13C /* Connection Controllers */ = {
			isa = PBXGroup;
			children = (
				2464EE111311DA400050B13C /* DCTRequestConnectionController.h */,
				2464EE121311DA400050B13C /* DCTRequestConnectionController.m */,
				2464EE131311DA400050B13C /* DCTURLConnectionController.h */,
				2464EE141311DA400050B13C /* DCTURLConnectionController.m */,
			);
			path = "Connection Controllers";
			sourceTree = "<group>";
		};
		2464EE221311DA400050B13C /* UIKit Additions */ = {
			isa = PBXGroup;
			children = (
				2464EE231311DA400050B13C /* DCTConnectionQueue+UIKitAdditions.h */,
				2464EE241311DA400050B13C /* DCTConnectionQueue+UIKitAdditions.m */,
			);
			path = "UIKit Additions";
			sourceTree = "<group>";
		};
		2464EE251311DA400050B13C /* DCTCoreData */ = {
			isa = PBXGroup;
			children = (
				2464EE4D1311DA400050B13C /* Asynchronous */,
				2464EE521311DA400050B13C /* Automated Setup */,
				2464EE5D1311DA400050B13C /* NSArray+DCTSortDescriptors.h */,
				2464EE5E1311DA400050B13C /* NSArray+DCTSortDescriptors.m */,
				2464EE5F1311DA400050B13C /* NSFetchedResultsController+DCTExtras.h */,
				2464EE601311DA400050B13C /* NSFetchedResultsController+DCTExtras.m */,
				2464EE611311DA400050B13C /* NSFetchRequest+DCTExtras.h */,
				2464EE621311DA400050B13C /* NSFetchRequest+DCTExtras.m */,
				2464EE631311DA400050B13C /* NSManagedObject+DCTExtras.h */,
				2464EE641311DA400050B13C /* NSManagedObject+DCTExtras.m */,
				2464EE651311DA400050B13C /* NSManagedObject+DCTOrdering.h */,
				2464EE661311DA400050B13C /* NSManagedObject+DCTOrdering.m */,
				2464EE671311DA400050B13C /* NSManagedObject+DCTRelatedObjects.h */,
				2464EE681311DA400050B13C /* NSManagedObject+DCTRelatedObjects.m */,
				2464EE691311DA400050B13C /* NSManagedObjectContext+DCTDataFetching.h */,
				2464EE6A1311DA400050B13C /* NSManagedObjectContext+DCTDataFetching.m */,
				2464EE6B1311DA400050B13C /* NSManagedObjectContext+DCTExtras.h */,
				2464EE6C1311DA400050B13C /* NSManagedObjectContext+DCTExtras.m */,
				2464EE6D1311DA400050B13C /* NSPredicate+DCTExtras.h */,
				2464EE6E1311DA400050B13C /* NSPredicate+DCTExtras.m */,
			);
			name = DCTCoreData;
			path = ../DCTCoreData;
			sourceTree = "<group>";
		};
		2464EE4D1311DA400050B13C /* Asynchronous */ = {
			isa = PBXGroup;
			children = (
				2464EE4E1311DA400050B13C /* NSManagedObjectContext+DCTAsynchronousDataFetching.h */,
				2464EE4F1311DA400050B13C /* NSManagedObjectContext+DCTAsynchronousDataFetching.m */,
				2464EE501311DA400050B13C /* NSManagedObjectContext+DCTAsynchronousTasks.h */,
				2464EE511311DA400050B13C /* NSManagedObjectContext+DCTAsynchronousTasks.m */,
			);
			path = Asynchronous;
			sourceTree = "<group>";
		};
		2464EE521311DA400050B13C /* Automated Setup */ = {
			isa = PBXGroup;
			children = (
				2464EE531311DA400050B13C /* NSAttributeDescription+DCTObjectCheck.h */,
				2464EE541311DA400050B13C /* NSAttributeDescription+DCTObjectCheck.m */,
				2464EE551311DA400050B13C /* NSDictionary+DCTKeyForObject.h */,
				2464EE561311DA400050B13C /* NSDictionary+DCTKeyForObject.m */,
				2464EE571311DA400050B13C /* NSEntityDescription+DCTObjectCheck.h */,
				2464EE581311DA400050B13C /* NSEntityDescription+DCTObjectCheck.m */,
				2464EE591311DA400050B13C /* NSManagedObject+DCTAutomatedSetup.h */,
				2464EE5A1311DA400050B13C /* NSManagedObject+DCTAutomatedSetup.m */,
				2464EE5B1311DA400050B13C /* NSManagedObject+DCTAutomatedSync.h */,
				2464EE5C1311DA400050B13C /* NSManagedObject+DCTAutomatedSync.m */,
			);
			path = "Automated Setup";
			sourceTree = "<group>";
		};
		2464EE6F1311DA400050B13C /* DCTFoundation */ = {
			isa = PBXGroup;
			children = (
				2464EE971311DA400050B13C /* DCTBlock.h */,
				2464EE981311DA400050B13C /* DCTBlock.m */,
				2464EE991311DA400050B13C /* DCTObservationInfo.h */,
				2464EE9A1311DA400050B13C /* DCTObservationInfo.m */,
				2464EE9B1311DA400050B13C /* DCTQueue.h */,
				2464EE9C1311DA400050B13C /* DCTQueue.m */,
				2464EE9D1311DA400050B13C /* DCTStack.h */,
				2464EE9E1311DA400050B13C /* DCTStack.m */,
				2464EE9F1311DA400050B13C /* NSArray+DCTExtras.h */,
				2464EEA01311DA400050B13C /* NSArray+DCTExtras.m */,
				2464EEA11311DA400050B13C /* NSDate+DCTDateComponents.h */,
				2464EEA21311DA400050B13C /* NSDate+DCTDateComponents.m */,
				2464EEA31311DA400050B13C /* NSDictionary+DCTExtras.h */,
				2464EEA41311DA400050B13C /* NSDictionary+DCTExtras.m */,
				2464EEA51311DA400050B13C /* NSError+DCTExtensions.h */,
				2464EEA61311DA400050B13C /* NSError+DCTExtensions.m */,
				2464EEA71311DA400050B13C /* NSMutableArray+DCTExtras.h */,
				2464EEA81311DA400050B13C /* NSMutableArray+DCTExtras.m */,
				2464EEA91311DA400050B13C /* NSMutableSet+DCTExtras.h */,
				2464EEAA1311DA400050B13C /* NSMutableSet+DCTExtras.m */,
				2464EEAB1311DA400050B13C /* NSObject+DCTKVOExtras.h */,
				2464EEAC1311DA400050B13C /* NSObject+DCTKVOExtras.m */,
				2464EEAD1311DA400050B13C /* NSObject+DCTPerformSelector.h */,
				2464EEAE1311DA400050B13C /* NSObject+DCTPerformSelector.m */,
			);
			name = DCTFoundation;
			path = ../DCTFoundation;
			sourceTree = "<group>";
		};
/* End PBXGroup section */

/* Begin PBXNativeTarget section */
		2440D5C41311D7DE00BC487D /* DCTGoogleMaps */ = {
			isa = PBXNativeTarget;
			buildConfigurationList = 2440D5E01311D7DE00BC487D /* Build configuration list for PBXNativeTarget "DCTGoogleMaps" */;
			buildPhases = (
				2440D5C11311D7DE00BC487D /* Sources */,
				2440D5C21311D7DE00BC487D /* Frameworks */,
				2440D5C31311D7DE00BC487D /* Resources */,
			);
			buildRules = (
			);
			dependencies = (
			);
			name = DCTGoogleMaps;
			productName = DCTGoogleMaps;
			productReference = 2440D5C51311D7DE00BC487D /* DCTGoogleMaps.app */;
			productType = "com.apple.product-type.application";
		};
/* End PBXNativeTarget section */

/* Begin PBXProject section */
		2440D5BC1311D7DE00BC487D /* Project object */ = {
			isa = PBXProject;
			attributes = {
				ORGANIZATIONNAME = "Daniel Tull";
			};
			buildConfigurationList = 2440D5BF1311D7DE00BC487D /* Build configuration list for PBXProject "DCTGoogleMaps" */;
			compatibilityVersion = "Xcode 3.2";
			developmentRegion = English;
			hasScannedForEncodings = 0;
			knownRegions = (
				en,
			);
			mainGroup = 2440D5BA1311D7DE00BC487D;
			productRefGroup = 2440D5C61311D7DE00BC487D /* Products */;
			projectDirPath = "";
			projectRoot = "";
			targets = (
				2440D5C41311D7DE00BC487D /* DCTGoogleMaps */,
			);
		};
/* End PBXProject section */

/* Begin PBXResourcesBuildPhase section */
		2440D5C31311D7DE00BC487D /* Resources */ = {
			isa = PBXResourcesBuildPhase;
			buildActionMask = 2147483647;
			files = (
				2440D5D41311D7DE00BC487D /* InfoPlist.strings in Resources */,
				2440D5DD1311D7DE00BC487D /* MainWindow.xib in Resources */,
			);
			runOnlyForDeploymentPostprocessing = 0;
		};
/* End PBXResourcesBuildPhase section */

/* Begin PBXSourcesBuildPhase section */
		2440D5C11311D7DE00BC487D /* Sources */ = {
			isa = PBXSourcesBuildPhase;
			buildActionMask = 2147483647;
			files = (
				2440D5D71311D7DE00BC487D /* main.m in Sources */,
				2440D5DA1311D7DE00BC487D /* DCTGoogleMapsAppDelegate.m in Sources */,
				2464EEC81311DA400050B13C /* NSData+Base64.m in Sources */,
				2464EEC91311DA400050B13C /* NSString+DCTURLEncoding.m in Sources */,
				2464EECA1311DA400050B13C /* DCTRequestConnectionController.m in Sources */,
				2464EECB1311DA400050B13C /* DCTURLConnectionController.m in Sources */,
				2464EECC1311DA400050B13C /* DCTConnectionController+Equality.m in Sources */,
				2464EECD1311DA400050B13C /* DCTConnectionController.m in Sources */,
				2464EECE1311DA400050B13C /* DCTConnectionQueue+Singleton.m in Sources */,
				2464EECF1311DA400050B13C /* DCTConnectionQueue.m in Sources */,
				2464EED01311DA400050B13C /* DCTRESTController.m in Sources */,
				2464EED11311DA400050B13C /* DCTURLConnection.m in Sources */,
				2464EED21311DA400050B13C /* DCTConnectionQueue+UIKitAdditions.m in Sources */,
				2464EEEB1311DA400050B13C /* NSManagedObjectContext+DCTAsynchronousDataFetching.m in Sources */,
				2464EEEC1311DA400050B13C /* NSManagedObjectContext+DCTAsynchronousTasks.m in Sources */,
				2464EEED1311DA400050B13C /* NSAttributeDescription+DCTObjectCheck.m in Sources */,
				2464EEEE1311DA400050B13C /* NSDictionary+DCTKeyForObject.m in Sources */,
				2464EEEF1311DA400050B13C /* NSEntityDescription+DCTObjectCheck.m in Sources */,
				2464EEF01311DA400050B13C /* NSManagedObject+DCTAutomatedSetup.m in Sources */,
				2464EEF11311DA400050B13C /* NSManagedObject+DCTAutomatedSync.m in Sources */,
				2464EEF21311DA400050B13C /* NSArray+DCTSortDescriptors.m in Sources */,
				2464EEF31311DA400050B13C /* NSFetchedResultsController+DCTExtras.m in Sources */,
				2464EEF41311DA400050B13C /* NSFetchRequest+DCTExtras.m in Sources */,
				2464EEF51311DA400050B13C /* NSManagedObject+DCTExtras.m in Sources */,
				2464EEF61311DA400050B13C /* NSManagedObject+DCTOrdering.m in Sources */,
				2464EEF71311DA400050B13C /* NSManagedObject+DCTRelatedObjects.m in Sources */,
				2464EEF81311DA400050B13C /* NSManagedObjectContext+DCTDataFetching.m in Sources */,
				2464EEF91311DA400050B13C /* NSManagedObjectContext+DCTExtras.m in Sources */,
				2464EEFA1311DA400050B13C /* NSPredicate+DCTExtras.m in Sources */,
				2464EF131311DA400050B13C /* DCTBlock.m in Sources */,
				2464EF141311DA400050B13C /* DCTObservationInfo.m in Sources */,
				2464EF151311DA400050B13C /* DCTQueue.m in Sources */,
				2464EF161311DA400050B13C /* DCTStack.m in Sources */,
				2464EF171311DA400050B13C /* NSArray+DCTExtras.m in Sources */,
				2464EF181311DA400050B13C /* NSDate+DCTDateComponents.m in Sources */,
				2464EF191311DA400050B13C /* NSDictionary+DCTExtras.m in Sources */,
				2464EF1A1311DA400050B13C /* NSError+DCTExtensions.m in Sources */,
				2464EF1B1311DA400050B13C /* NSMutableArray+DCTExtras.m in Sources */,
				2464EF1C1311DA400050B13C /* NSMutableSet+DCTExtras.m in Sources */,
				2464EF1D1311DA400050B13C /* NSObject+DCTKVOExtras.m in Sources */,
				2464EF1E1311DA400050B13C /* NSObject+DCTPerformSelector.m in Sources */,
				2464EF211311DAC00050B13C /* MKPolyline+DCTGoogleEncoding.m in Sources */,
				2430F30213125DCE001977C8 /* DCTGoogleMapsDirections.xcdatamodeld in Sources */,
				2430F30513125E71001977C8 /* DCTGoogleMapsGeocodingConnectionController.m in Sources */,
				2430F30813125ECE001977C8 /* DCTGoogleMapsStep.m in Sources */,
				2430F30B13125ECE001977C8 /* DCTGoogleMapsDirection.m in Sources */,
				2430F30E13125ECE001977C8 /* DCTGoogleMapsRoute.m in Sources */,
				2430F31113125ECE001977C8 /* DCTGoogleMapsLeg.m in Sources */,
				2430F31A131261AD001977C8 /* DCTGoogleMapsPlace.m in Sources */,
				2430F31D131261E4001977C8 /* DCTGoogleMapsPlace+Implementation.m in Sources */,
				2430F3711312721A001977C8 /* NSObject+JSON.m in Sources */,
				2430F3721312721A001977C8 /* SBJsonParser.m in Sources */,
				2430F3731312721A001977C8 /* SBJsonStreamParser.m in Sources */,
				2430F3741312721A001977C8 /* SBJsonStreamParserAdapter.m in Sources */,
				2430F3751312721A001977C8 /* SBJsonStreamParserState.m in Sources */,
				2430F3761312721A001977C8 /* SBJsonStreamWriter.m in Sources */,
				2430F3771312721A001977C8 /* SBJsonStreamWriterState.m in Sources */,
				2430F3781312721A001977C8 /* SBJsonTokeniser.m in Sources */,
				2430F3791312721A001977C8 /* SBJsonWriter.m in Sources */,
				249CA5BE131309A4001DF84B /* DCTGoogleMapsDirectionsConnectionController.m in Sources */,
				249CA5C213130CEE001DF84B /* DCTGoogleMapsConnectionController.m in Sources */,
				2490F5381313A842003466CC /* DCTGoogleMapsDirection+Implementation.m in Sources */,
				2490F53C1313A879003466CC /* DCTGoogleMapsRoute+Implementation.m in Sources */,
				2490F53F1313A8A4003466CC /* DCTGoogleMapsStep+Implementation.m in Sources */,
				2490F5421313A8E9003466CC /* DCTGoogleMapsLeg+Implementation.m in Sources */,
			);
			runOnlyForDeploymentPostprocessing = 0;
		};
/* End PBXSourcesBuildPhase section */

/* Begin PBXVariantGroup section */
		2440D5D21311D7DE00BC487D /* InfoPlist.strings */ = {
			isa = PBXVariantGroup;
			children = (
				2440D5D31311D7DE00BC487D /* en */,
			);
			name = InfoPlist.strings;
			sourceTree = "<group>";
		};
		2440D5DB1311D7DE00BC487D /* MainWindow.xib */ = {
			isa = PBXVariantGroup;
			children = (
				2440D5DC1311D7DE00BC487D /* en */,
			);
			name = MainWindow.xib;
			sourceTree = "<group>";
		};
/* End PBXVariantGroup section */

/* Begin XCBuildConfiguration section */
		2440D5DE1311D7DE00BC487D /* Debug */ = {
			isa = XCBuildConfiguration;
			buildSettings = {
				ARCHS = "$(ARCHS_STANDARD_32_BIT)";
				"CODE_SIGN_IDENTITY[sdk=iphoneos*]" = "iPhone Developer";
				GCC_C_LANGUAGE_STANDARD = gnu99;
				GCC_OPTIMIZATION_LEVEL = 1;
				GCC_PREPROCESSOR_DEFINITIONS = DEBUG;
				GCC_VERSION = com.apple.compilers.llvm.clang.1_0;
				GCC_WARN_ABOUT_RETURN_TYPE = YES;
				GCC_WARN_UNUSED_VARIABLE = YES;
				IPHONEOS_DEPLOYMENT_TARGET = 4.2;
				SDKROOT = iphoneos;
			};
			name = Debug;
		};
		2440D5DF1311D7DE00BC487D /* Release */ = {
			isa = XCBuildConfiguration;
			buildSettings = {
				ARCHS = "$(ARCHS_STANDARD_32_BIT)";
				"CODE_SIGN_IDENTITY[sdk=iphoneos*]" = "iPhone Developer";
				GCC_C_LANGUAGE_STANDARD = gnu99;
				GCC_VERSION = com.apple.compilers.llvm.clang.1_0;
				GCC_WARN_ABOUT_RETURN_TYPE = YES;
				GCC_WARN_UNUSED_VARIABLE = YES;
				IPHONEOS_DEPLOYMENT_TARGET = 4.2;
				OTHER_CFLAGS = "-DNS_BLOCK_ASSERTIONS=1";
				SDKROOT = iphoneos;
			};
			name = Release;
		};
		2440D5E11311D7DE00BC487D /* Debug */ = {
			isa = XCBuildConfiguration;
			buildSettings = {
				ALWAYS_SEARCH_USER_PATHS = NO;
				COPY_PHASE_STRIP = NO;
				GCC_DYNAMIC_NO_PIC = NO;
				GCC_PRECOMPILE_PREFIX_HEADER = YES;
				GCC_PREFIX_HEADER = "DCTGoogleMaps/DCTGoogleMaps-Prefix.pch";
				INFOPLIST_FILE = "DCTGoogleMaps/DCTGoogleMaps-Info.plist";
				INSTALL_PATH = "$(LOCAL_APPS_DIR)";
				PRODUCT_NAME = "$(TARGET_NAME)";
				WRAPPER_EXTENSION = app;
			};
			name = Debug;
		};
		2440D5E21311D7DE00BC487D /* Release */ = {
			isa = XCBuildConfiguration;
			buildSettings = {
				ALWAYS_SEARCH_USER_PATHS = NO;
				COPY_PHASE_STRIP = YES;
				GCC_PRECOMPILE_PREFIX_HEADER = YES;
				GCC_PREFIX_HEADER = "DCTGoogleMaps/DCTGoogleMaps-Prefix.pch";
				INFOPLIST_FILE = "DCTGoogleMaps/DCTGoogleMaps-Info.plist";
				INSTALL_PATH = "$(LOCAL_APPS_DIR)";
				PRODUCT_NAME = "$(TARGET_NAME)";
				VALIDATE_PRODUCT = YES;
				WRAPPER_EXTENSION = app;
			};
			name = Release;
		};
/* End XCBuildConfiguration section */

/* Begin XCConfigurationList section */
		2440D5BF1311D7DE00BC487D /* Build configuration list for PBXProject "DCTGoogleMaps" */ = {
			isa = XCConfigurationList;
			buildConfigurations = (
				2440D5DE1311D7DE00BC487D /* Debug */,
				2440D5DF1311D7DE00BC487D /* Release */,
			);
			defaultConfigurationIsVisible = 0;
			defaultConfigurationName = Release;
		};
		2440D5E01311D7DE00BC487D /* Build configuration list for PBXNativeTarget "DCTGoogleMaps" */ = {
			isa = XCConfigurationList;
			buildConfigurations = (
				2440D5E11311D7DE00BC487D /* Debug */,
				2440D5E21311D7DE00BC487D /* Release */,
			);
			defaultConfigurationIsVisible = 0;
			defaultConfigurationName = Release;
		};
/* End XCConfigurationList section */

/* Begin XCVersionGroup section */
		2430F30013125DCE001977C8 /* DCTGoogleMapsDirections.xcdatamodeld */ = {
			isa = XCVersionGroup;
			children = (
				2430F30113125DCE001977C8 /* DCTGoogleMapsDirections.xcdatamodel */,
			);
			currentVersion = 2430F30113125DCE001977C8 /* DCTGoogleMapsDirections.xcdatamodel */;
			path = DCTGoogleMapsDirections.xcdatamodeld;
			sourceTree = "<group>";
			versionGroupType = wrapper.xcdatamodel;
		};
/* End XCVersionGroup section */
	};
	rootObject = 2440D5BC1311D7DE00BC487D /* Project object */;
}
