// !$*UTF8*$!
{
	archiveVersion = 1;
	classes = {
	};
	objectVersion = 46;
	objects = {

/* Begin PBXBuildFile section */
		2440D5CA1311D7DE00BC487D /* UIKit.framework in Frameworks */ = {isa = PBXBuildFile; fileRef = 2440D5C91311D7DE00BC487D /* UIKit.framework */; };
		2440D5CC1311D7DE00BC487D /* Foundation.framework in Frameworks */ = {isa = PBXBuildFile; fileRef = 2440D5CB1311D7DE00BC487D /* Foundation.framework */; };
		2440D5CE1311D7DE00BC487D /* CoreGraphics.framework in Frameworks */ = {isa = PBXBuildFile; fileRef = 2440D5CD1311D7DE00BC487D /* CoreGraphics.framework */; };
		2440D5D41311D7DE00BC487D /* InfoPlist.strings in Resources */ = {isa = PBXBuildFile; fileRef = 2440D5D21311D7DE00BC487D /* InfoPlist.strings */; };
		2440D5D71311D7DE00BC487D /* main.m in Sources */ = {isa = PBXBuildFile; fileRef = 2440D5D61311D7DE00BC487D /* main.m */; };
		2440D5DA1311D7DE00BC487D /* DCTGoogleMapsAppDelegate.m in Sources */ = {isa = PBXBuildFile; fileRef = 2440D5D91311D7DE00BC487D /* DCTGoogleMapsAppDelegate.m */; };
		2440D5DD1311D7DE00BC487D /* MainWindow.xib in Resources */ = {isa = PBXBuildFile; fileRef = 2440D5DB1311D7DE00BC487D /* MainWindow.xib */; };
		2464EDCD1311D8370050B13C /* CoreData.framework in Frameworks */ = {isa = PBXBuildFile; fileRef = 2464EDCC1311D8370050B13C /* CoreData.framework */; };
/* End PBXBuildFile section */

/* Begin PBXFileReference section */
		2440D5C51311D7DE00BC487D /* DCTGoogleMaps.app */ = {isa = PBXFileReference; explicitFileType = wrapper.application; includeInIndex = 0; path = DCTGoogleMaps.app; sourceTree = BUILT_PRODUCTS_DIR; };
		2440D5C91311D7DE00BC487D /* UIKit.framework */ = {isa = PBXFileReference; lastKnownFileType = wrapper.framework; name = UIKit.framework; path = System/Library/Frameworks/UIKit.framework; sourceTree = SDKROOT; };
		2440D5CB1311D7DE00BC487D /* Foundation.framework */ = {isa = PBXFileReference; lastKnownFileType = wrapper.framework; name = Foundation.framework; path = System/Library/Frameworks/Foundation.framework; sourceTree = SDKROOT; };
		2440D5CD1311D7DE00BC487D /* CoreGraphics.framework */ = {isa = PBXFileReference; lastKnownFileType = wrapper.framework; name = CoreGraphics.framework; path = System/Library/Frameworks/CoreGraphics.framework; sourceTree = SDKROOT; };
		2440D5D11311D7DE00BC487D /* DCTGoogleMaps-Info.plist */ = {isa = PBXFileReference; lastKnownFileType = text.plist.xml; path = "DCTGoogleMaps-Info.plist"; sourceTree = "<group>"; };
		2440D5D31311D7DE00BC487D /* en */ = {isa = PBXFileReference; lastKnownFileType = text.plist.strings; name = en; path = en.lproj/InfoPlist.strings; sourceTree = "<group>"; };
		2440D5D51311D7DE00BC487D /* DCTGoogleMaps-Prefix.pch */ = {isa = PBXFileReference; lastKnownFileType = sourcecode.c.h; path = "DCTGoogleMaps-Prefix.pch"; sourceTree = "<group>"; };
		2440D5D61311D7DE00BC487D /* main.m */ = {isa = PBXFileReference; lastKnownFileType = sourcecode.c.objc; path = main.m; sourceTree = "<group>"; };
		2440D5D81311D7DE00BC487D /* DCTGoogleMapsAppDelegate.h */ = {isa = PBXFileReference; lastKnownFileType = sourcecode.c.h; path = DCTGoogleMapsAppDelegate.h; sourceTree = "<group>"; };
		2440D5D91311D7DE00BC487D /* DCTGoogleMapsAppDelegate.m */ = {isa = PBXFileReference; lastKnownFileType = sourcecode.c.objc; path = DCTGoogleMapsAppDelegate.m; sourceTree = "<group>"; };
		2440D5DC1311D7DE00BC487D /* en */ = {isa = PBXFileReference; lastKnownFileType = file.xib; name = en; path = en.lproj/MainWindow.xib; sourceTree = "<group>"; };
		2464EDCC1311D8370050B13C /* CoreData.framework */ = {isa = PBXFileReference; lastKnownFileType = wrapper.framework; name = CoreData.framework; path = System/Library/Frameworks/CoreData.framework; sourceTree = SDKROOT; };
/* End PBXFileReference section */

/* Begin PBXFrameworksBuildPhase section */
		2440D5C21311D7DE00BC487D /* Frameworks */ = {
			isa = PBXFrameworksBuildPhase;
			buildActionMask = 2147483647;
			files = (
				2464EDCD1311D8370050B13C /* CoreData.framework in Frameworks */,
				2440D5CA1311D7DE00BC487D /* UIKit.framework in Frameworks */,
				2440D5CC1311D7DE00BC487D /* Foundation.framework in Frameworks */,
				2440D5CE1311D7DE00BC487D /* CoreGraphics.framework in Frameworks */,
			);
			runOnlyForDeploymentPostprocessing = 0;
		};
/* End PBXFrameworksBuildPhase section */

/* Begin PBXGroup section */
		2440D5BA1311D7DE00BC487D = {
			isa = PBXGroup;
			children = (
				2464EDCE1311D84B0050B13C /* DCTGoogleMaps */,
				2440D5CF1311D7DE00BC487D /* Classes */,
				2440D5C81311D7DE00BC487D /* Frameworks */,
				2440D5C61311D7DE00BC487D /* Products */,
			);
			sourceTree = "<group>";
		};
		2440D5C61311D7DE00BC487D /* Products */ = {
			isa = PBXGroup;
			children = (
				2440D5C51311D7DE00BC487D /* DCTGoogleMaps.app */,
			);
			name = Products;
			sourceTree = "<group>";
		};
		2440D5C81311D7DE00BC487D /* Frameworks */ = {
			isa = PBXGroup;
			children = (
				2440D5C91311D7DE00BC487D /* UIKit.framework */,
				2440D5CB1311D7DE00BC487D /* Foundation.framework */,
				2464EDCC1311D8370050B13C /* CoreData.framework */,
				2440D5CD1311D7DE00BC487D /* CoreGraphics.framework */,
			);
			name = Frameworks;
			sourceTree = "<group>";
		};
		2440D5CF1311D7DE00BC487D /* Classes */ = {
			isa = PBXGroup;
			children = (
				2440D5D81311D7DE00BC487D /* DCTGoogleMapsAppDelegate.h */,
				2440D5D91311D7DE00BC487D /* DCTGoogleMapsAppDelegate.m */,
				2440D5DB1311D7DE00BC487D /* MainWindow.xib */,
				2440D5D01311D7DE00BC487D /* Supporting Files */,
			);
			name = Classes;
			path = DCTGoogleMaps;
			sourceTree = "<group>";
		};
		2440D5D01311D7DE00BC487D /* Supporting Files */ = {
			isa = PBXGroup;
			children = (
				2440D5D11311D7DE00BC487D /* DCTGoogleMaps-Info.plist */,
				2440D5D21311D7DE00BC487D /* InfoPlist.strings */,
				2440D5D51311D7DE00BC487D /* DCTGoogleMaps-Prefix.pch */,
				2440D5D61311D7DE00BC487D /* main.m */,
			);
			name = "Supporting Files";
			sourceTree = "<group>";
		};
		2464EDCE1311D84B0050B13C /* DCTGoogleMaps */ = {
			isa = PBXGroup;
			children = (
			);
			name = DCTGoogleMaps;
			path = ..;
			sourceTree = "<group>";
		};
/* End PBXGroup section */

/* Begin PBXNativeTarget section */
		2440D5C41311D7DE00BC487D /* DCTGoogleMaps */ = {
			isa = PBXNativeTarget;
			buildConfigurationList = 2440D5E01311D7DE00BC487D /* Build configuration list for PBXNativeTarget "DCTGoogleMaps" */;
			buildPhases = (
				2440D5C11311D7DE00BC487D /* Sources */,
				2440D5C21311D7DE00BC487D /* Frameworks */,
				2440D5C31311D7DE00BC487D /* Resources */,
			);
			buildRules = (
			);
			dependencies = (
			);
			name = DCTGoogleMaps;
			productName = DCTGoogleMaps;
			productReference = 2440D5C51311D7DE00BC487D /* DCTGoogleMaps.app */;
			productType = "com.apple.product-type.application";
		};
/* End PBXNativeTarget section */

/* Begin PBXProject section */
		2440D5BC1311D7DE00BC487D /* Project object */ = {
			isa = PBXProject;
			attributes = {
				ORGANIZATIONNAME = "Daniel Tull";
			};
			buildConfigurationList = 2440D5BF1311D7DE00BC487D /* Build configuration list for PBXProject "DCTGoogleMaps" */;
			compatibilityVersion = "Xcode 3.2";
			developmentRegion = English;
			hasScannedForEncodings = 0;
			knownRegions = (
				en,
			);
			mainGroup = 2440D5BA1311D7DE00BC487D;
			productRefGroup = 2440D5C61311D7DE00BC487D /* Products */;
			projectDirPath = "";
			projectRoot = "";
			targets = (
				2440D5C41311D7DE00BC487D /* DCTGoogleMaps */,
			);
		};
/* End PBXProject section */

/* Begin PBXResourcesBuildPhase section */
		2440D5C31311D7DE00BC487D /* Resources */ = {
			isa = PBXResourcesBuildPhase;
			buildActionMask = 2147483647;
			files = (
				2440D5D41311D7DE00BC487D /* InfoPlist.strings in Resources */,
				2440D5DD1311D7DE00BC487D /* MainWindow.xib in Resources */,
			);
			runOnlyForDeploymentPostprocessing = 0;
		};
/* End PBXResourcesBuildPhase section */

/* Begin PBXSourcesBuildPhase section */
		2440D5C11311D7DE00BC487D /* Sources */ = {
			isa = PBXSourcesBuildPhase;
			buildActionMask = 2147483647;
			files = (
				2440D5D71311D7DE00BC487D /* main.m in Sources */,
				2440D5DA1311D7DE00BC487D /* DCTGoogleMapsAppDelegate.m in Sources */,
			);
			runOnlyForDeploymentPostprocessing = 0;
		};
/* End PBXSourcesBuildPhase section */

/* Begin PBXVariantGroup section */
		2440D5D21311D7DE00BC487D /* InfoPlist.strings */ = {
			isa = PBXVariantGroup;
			children = (
				2440D5D31311D7DE00BC487D /* en */,
			);
			name = InfoPlist.strings;
			sourceTree = "<group>";
		};
		2440D5DB1311D7DE00BC487D /* MainWindow.xib */ = {
			isa = PBXVariantGroup;
			children = (
				2440D5DC1311D7DE00BC487D /* en */,
			);
			name = MainWindow.xib;
			sourceTree = "<group>";
		};
/* End PBXVariantGroup section */

/* Begin XCBuildConfiguration section */
		2440D5DE1311D7DE00BC487D /* Debug */ = {
			isa = XCBuildConfiguration;
			buildSettings = {
				ARCHS = "$(ARCHS_STANDARD_32_BIT)";
				"CODE_SIGN_IDENTITY[sdk=iphoneos*]" = "iPhone Developer";
				GCC_C_LANGUAGE_STANDARD = gnu99;
				GCC_OPTIMIZATION_LEVEL = 0;
				GCC_PREPROCESSOR_DEFINITIONS = DEBUG;
				GCC_VERSION = com.apple.compilers.llvmgcc42;
				GCC_WARN_ABOUT_RETURN_TYPE = YES;
				GCC_WARN_UNUSED_VARIABLE = YES;
				IPHONEOS_DEPLOYMENT_TARGET = 4.2;
				SDKROOT = iphoneos;
			};
			name = Debug;
		};
		2440D5DF1311D7DE00BC487D /* Release */ = {
			isa = XCBuildConfiguration;
			buildSettings = {
				ARCHS = "$(ARCHS_STANDARD_32_BIT)";
				"CODE_SIGN_IDENTITY[sdk=iphoneos*]" = "iPhone Developer";
				GCC_C_LANGUAGE_STANDARD = gnu99;
				GCC_VERSION = com.apple.compilers.llvmgcc42;
				GCC_WARN_ABOUT_RETURN_TYPE = YES;
				GCC_WARN_UNUSED_VARIABLE = YES;
				IPHONEOS_DEPLOYMENT_TARGET = 4.2;
				OTHER_CFLAGS = "-DNS_BLOCK_ASSERTIONS=1";
				SDKROOT = iphoneos;
			};
			name = Release;
		};
		2440D5E11311D7DE00BC487D /* Debug */ = {
			isa = XCBuildConfiguration;
			buildSettings = {
				ALWAYS_SEARCH_USER_PATHS = NO;
				COPY_PHASE_STRIP = NO;
				GCC_DYNAMIC_NO_PIC = NO;
				GCC_PRECOMPILE_PREFIX_HEADER = YES;
				GCC_PREFIX_HEADER = "DCTGoogleMaps/DCTGoogleMaps-Prefix.pch";
				INFOPLIST_FILE = "DCTGoogleMaps/DCTGoogleMaps-Info.plist";
				INSTALL_PATH = "$(LOCAL_APPS_DIR)";
				PRODUCT_NAME = "$(TARGET_NAME)";
				WRAPPER_EXTENSION = app;
			};
			name = Debug;
		};
		2440D5E21311D7DE00BC487D /* Release */ = {
			isa = XCBuildConfiguration;
			buildSettings = {
				ALWAYS_SEARCH_USER_PATHS = NO;
				COPY_PHASE_STRIP = YES;
				GCC_PRECOMPILE_PREFIX_HEADER = YES;
				GCC_PREFIX_HEADER = "DCTGoogleMaps/DCTGoogleMaps-Prefix.pch";
				INFOPLIST_FILE = "DCTGoogleMaps/DCTGoogleMaps-Info.plist";
				INSTALL_PATH = "$(LOCAL_APPS_DIR)";
				PRODUCT_NAME = "$(TARGET_NAME)";
				VALIDATE_PRODUCT = YES;
				WRAPPER_EXTENSION = app;
			};
			name = Release;
		};
/* End XCBuildConfiguration section */

/* Begin XCConfigurationList section */
		2440D5BF1311D7DE00BC487D /* Build configuration list for PBXProject "DCTGoogleMaps" */ = {
			isa = XCConfigurationList;
			buildConfigurations = (
				2440D5DE1311D7DE00BC487D /* Debug */,
				2440D5DF1311D7DE00BC487D /* Release */,
			);
			defaultConfigurationIsVisible = 0;
			defaultConfigurationName = Release;
		};
		2440D5E01311D7DE00BC487D /* Build configuration list for PBXNativeTarget "DCTGoogleMaps" */ = {
			isa = XCConfigurationList;
			buildConfigurations = (
				2440D5E11311D7DE00BC487D /* Debug */,
				2440D5E21311D7DE00BC487D /* Release */,
			);
			defaultConfigurationIsVisible = 0;
			defaultConfigurationName = Release;
		};
/* End XCConfigurationList section */
	};
	rootObject = 2440D5BC1311D7DE00BC487D /* Project object */;
}
